{
	"name": "@template/new-project-npm",
	"lockfileVersion": 3,
	"requires": true,
	"packages": {
		"": {
			"name": "@template/new-project-npm",
			"workspaces": [
				"gas/*",
				"npm-tmp/*"
			]
		},
		"node_modules/@cloudflare/workers-types": {
			"version": "4.20240815.0",
			"resolved": "https://registry.npmjs.org/@cloudflare/workers-types/-/workers-types-4.20240815.0.tgz",
			"integrity": "sha512-H/IXCOahT1lr4RKzsiCkyjM7+LCPLtl2wjxyLG8xMTNERR0XuD1Vcfns6TraE0cd5+IcKe7j3rpzBlSCjZ+61A==",
			"dev": true
		},
		"node_modules/resources": {
			"resolved": "npm-tmp/resources",
			"link": true
		},
		"npm-tmp/resources": {
			"version": "0.0.0",
			"devDependencies": {
				"@cloudflare/workers-types": "^4.20240815.0"
			}
		}
	}
}
